
Microsoft Visual Studio Solution File, Format Version 12.00
# Visual Studio Version 17
VisualStudioVersion = 17.0.31903.59
MinimumVisualStudioVersion = 10.0.40219.1
Project("{FAE04EC0-301F-11D3-BF4B-00C04F79EFBC}") = "Aula1", "Aula1\Aula1.csproj", "{CA201B49-3D91-409F-90DB-C5ECD1125759}"
EndProject
Global
	GlobalSection(SolutionConfigurationPlatforms) = preSolution
		Debug|Any CPU = Debug|Any CPU
		Release|Any CPU = Release|Any CPU
	EndGlobalSection
	GlobalSection(SolutionProperties) = preSolution
		HideSolutionNode = FALSE
	EndGlobalSection
	GlobalSection(ProjectConfigurationPlatforms) = postSolution
		{CA201B49-3D91-409F-90DB-C5ECD1125759}.Debug|Any CPU.ActiveCfg = Debug|Any CPU
		{CA201B49-3D91-409F-90DB-C5ECD1125759}.Debug|Any CPU.Build.0 = Debug|Any CPU
		{CA201B49-3D91-409F-90DB-C5ECD1125759}.Release|Any CPU.ActiveCfg = Release|Any CPU
		{CA201B49-3D91-409F-90DB-C5ECD1125759}.Release|Any CPU.Build.0 = Release|Any CPU
	EndGlobalSection
EndGlobal
